version = 1
revision = 3
requires-python = ">=3.13"

[[package]]
name = "algorithms"
version = "0.1.0"
source = { editable = "." }
dependencies = [
    { name = "pqdict" },
]

[package.metadata]
requires-dist = [{ name = "pqdict", specifier = ">=1.5.1" }]

[[package]]
name = "pqdict"
version = "1.5.1"
source = { registry = "https://pypi.org/simple" }
sdist = { url = "https://files.pythonhosted.org/packages/4c/d2/9927bdffa2f1f65875703ea5fc178929c96fbd83064ed0c816af11cd4759/pqdict-1.5.1.tar.gz", hash = "sha256:320958d5762c5b46cfd3e59ea5f063aa2a05e72d1d8b56ea71c66112f4706aeb", size = 187046, upload-time = "2026-05-26T02:36:25.989Z" }
wheels = [
    { url = "https://files.pythonhosted.org/packages/65/e6/71e6fb672d4bee6d4658bed7268803d54ab6f815233720dfe0ce4296399b/pqdict-1.5.1-py3-none-any.whl", hash = "sha256:9d0fa0b2819801722d5356b88ceee1793d3333a9e15552285951b143ea546a31", size = 9149, upload-time = "2026-05-26T02:36:24.423Z" },
]
